
Microsoft Visual Studio Solution File, Format Version 12.00
# Visual Studio Version 16
VisualStudioVersion = 16.0.35425.106
MinimumVisualStudioVersion = 10.0.40219.1
Project("{8BC9CEB8-8B4A-11D0-8D11-00A0C91BC942}") = "q_win_sparrow", "q_win_sparrow\q_win_sparrow.vcxproj", "{E46907E7-6F88-4A23-B744-CCECA035F33A}"
EndProject
Global
	GlobalSection(SolutionConfigurationPlatforms) = preSolution
		Debug|Win32 = Debug|Win32
		Debug|x64 = Debug|x64
		Release|Win32 = Release|Win32
		Release|x64 = Release|x64
	EndGlobalSection
	GlobalSection(ProjectConfigurationPlatforms) = postSolution
		{E46907E7-6F88-4A23-B744-CCECA035F33A}.Debug|Win32.ActiveCfg = Debug|Win32
		{E46907E7-6F88-4A23-B744-CCECA035F33A}.Debug|Win32.Build.0 = Debug|Win32
		{E46907E7-6F88-4A23-B744-CCECA035F33A}.Debug|x64.ActiveCfg = Debug|x64
		{E46907E7-6F88-4A23-B744-CCECA035F33A}.Debug|x64.Build.0 = Debug|x64
		{E46907E7-6F88-4A23-B744-CCECA035F33A}.Release|Win32.ActiveCfg = Release|Win32
		{E46907E7-6F88-4A23-B744-CCECA035F33A}.Release|Win32.Build.0 = Release|Win32
		{E46907E7-6F88-4A23-B744-CCECA035F33A}.Release|x64.ActiveCfg = Release|x64
		{E46907E7-6F88-4A23-B744-CCECA035F33A}.Release|x64.Build.0 = Release|x64
	EndGlobalSection
	GlobalSection(SolutionProperties) = preSolution
		HideSolutionNode = FALSE
	EndGlobalSection
	GlobalSection(ExtensibilityGlobals) = postSolution
		Qt5Version = 5.3.1
		SolutionGuid = {7DECC211-0194-4E89-B96A-B6719A62354D}
	EndGlobalSection
EndGlobal
